
Microsoft Visual Studio Solution File, Format Version 12.00
# Visual Studio 15
VisualStudioVersion = 15.0.28010.2019
MinimumVisualStudioVersion = 10.0.40219.1
Project("{9A19103F-16F7-4668-BE54-9A1E7A4F7556}") = "FormsTest", "FormsTest\FormsTest\FormsTest.csproj", "{B7B98853-F2EF-4D4A-87DE-E5C2FB9C48AD}"
EndProject
Project("{FAE04EC0-301F-11D3-BF4B-00C04F79EFBC}") = "FormsTest.WPF", "FormTest.WPF\FormsTest.WPF.csproj", "{86EFCECF-113A-4B61-9712-2A191299318A}"
EndProject
Project("{FAE04EC0-301F-11D3-BF4B-00C04F79EFBC}") = "FormsTest.MacOS", "FormTest.MacOS\FormsTest.MacOS.csproj", "{E478909A-E058-4258-96BC-3BED5C652E6F}"
EndProject
Global
	GlobalSection(SolutionConfigurationPlatforms) = preSolution
		Ad-Hoc|Any CPU = Ad-Hoc|Any CPU
		Ad-Hoc|iPhone = Ad-Hoc|iPhone
		Ad-Hoc|iPhoneSimulator = Ad-Hoc|iPhoneSimulator
		AppStore|Any CPU = AppStore|Any CPU
		AppStore|iPhone = AppStore|iPhone
		AppStore|iPhoneSimulator = AppStore|iPhoneSimulator
		Debug|Any CPU = Debug|Any CPU
		Debug|iPhone = Debug|iPhone
		Debug|iPhoneSimulator = Debug|iPhoneSimulator
		Release|Any CPU = Release|Any CPU
		Release|iPhone = Release|iPhone
		Release|iPhoneSimulator = Release|iPhoneSimulator
	EndGlobalSection
	GlobalSection(ProjectConfigurationPlatforms) = postSolution
		{B7B98853-F2EF-4D4A-87DE-E5C2FB9C48AD}.Ad-Hoc|Any CPU.ActiveCfg = Debug|Any CPU
		{B7B98853-F2EF-4D4A-87DE-E5C2FB9C48AD}.Ad-Hoc|Any CPU.Build.0 = Debug|Any CPU
		{B7B98853-F2EF-4D4A-87DE-E5C2FB9C48AD}.Ad-Hoc|Any CPU.Deploy.0 = Debug|Any CPU
		{B7B98853-F2EF-4D4A-87DE-E5C2FB9C48AD}.Ad-Hoc|iPhone.ActiveCfg = Debug|Any CPU
		{B7B98853-F2EF-4D4A-87DE-E5C2FB9C48AD}.Ad-Hoc|iPhone.Build.0 = Debug|Any CPU
		{B7B98853-F2EF-4D4A-87DE-E5C2FB9C48AD}.Ad-Hoc|iPhone.Deploy.0 = Debug|Any CPU
		{B7B98853-F2EF-4D4A-87DE-E5C2FB9C48AD}.Ad-Hoc|iPhoneSimulator.ActiveCfg = Debug|Any CPU
		{B7B98853-F2EF-4D4A-87DE-E5C2FB9C48AD}.Ad-Hoc|iPhoneSimulator.Build.0 = Debug|Any CPU
		{B7B98853-F2EF-4D4A-87DE-E5C2FB9C48AD}.Ad-Hoc|iPhoneSimulator.Deploy.0 = Debug|Any CPU
		{B7B98853-F2EF-4D4A-87DE-E5C2FB9C48AD}.AppStore|Any CPU.ActiveCfg = Debug|Any CPU
		{B7B98853-F2EF-4D4A-87DE-E5C2FB9C48AD}.AppStore|Any CPU.Build.0 = Debug|Any CPU
		{B7B98853-F2EF-4D4A-87DE-E5C2FB9C48AD}.AppStore|Any CPU.Deploy.0 = Debug|Any CPU
		{B7B98853-F2EF-4D4A-87DE-E5C2FB9C48AD}.AppStore|iPhone.ActiveCfg = Debug|Any CPU
		{B7B98853-F2EF-4D4A-87DE-E5C2FB9C48AD}.AppStore|iPhone.Build.0 = Debug|Any CPU
		{B7B98853-F2EF-4D4A-87DE-E5C2FB9C48AD}.AppStore|iPhone.Deploy.0 = Debug|Any CPU
		{B7B98853-F2EF-4D4A-87DE-E5C2FB9C48AD}.AppStore|iPhoneSimulator.ActiveCfg = Debug|Any CPU
		{B7B98853-F2EF-4D4A-87DE-E5C2FB9C48AD}.AppStore|iPhoneSimulator.Build.0 = Debug|Any CPU
		{B7B98853-F2EF-4D4A-87DE-E5C2FB9C48AD}.AppStore|iPhoneSimulator.Deploy.0 = Debug|Any CPU
		{B7B98853-F2EF-4D4A-87DE-E5C2FB9C48AD}.Debug|Any CPU.ActiveCfg = Debug|Any CPU
		{B7B98853-F2EF-4D4A-87DE-E5C2FB9C48AD}.Debug|Any CPU.Build.0 = Debug|Any CPU
		{B7B98853-F2EF-4D4A-87DE-E5C2FB9C48AD}.Debug|Any CPU.Deploy.0 = Debug|Any CPU
		{B7B98853-F2EF-4D4A-87DE-E5C2FB9C48AD}.Debug|iPhone.ActiveCfg = Debug|Any CPU
		{B7B98853-F2EF-4D4A-87DE-E5C2FB9C48AD}.Debug|iPhone.Build.0 = Debug|Any CPU
		{B7B98853-F2EF-4D4A-87DE-E5C2FB9C48AD}.Debug|iPhone.Deploy.0 = Debug|Any CPU
		{B7B98853-F2EF-4D4A-87DE-E5C2FB9C48AD}.Debug|iPhoneSimulator.ActiveCfg = Debug|Any CPU
		{B7B98853-F2EF-4D4A-87DE-E5C2FB9C48AD}.Debug|iPhoneSimulator.Build.0 = Debug|Any CPU
		{B7B98853-F2EF-4D4A-87DE-E5C2FB9C48AD}.Debug|iPhoneSimulator.Deploy.0 = Debug|Any CPU
		{B7B98853-F2EF-4D4A-87DE-E5C2FB9C48AD}.Release|Any CPU.ActiveCfg = Release|Any CPU
		{B7B98853-F2EF-4D4A-87DE-E5C2FB9C48AD}.Release|Any CPU.Build.0 = Release|Any CPU
		{B7B98853-F2EF-4D4A-87DE-E5C2FB9C48AD}.Release|Any CPU.Deploy.0 = Release|Any CPU
		{B7B98853-F2EF-4D4A-87DE-E5C2FB9C48AD}.Release|iPhone.ActiveCfg = Release|Any CPU
		{B7B98853-F2EF-4D4A-87DE-E5C2FB9C48AD}.Release|iPhone.Build.0 = Release|Any CPU
		{B7B98853-F2EF-4D4A-87DE-E5C2FB9C48AD}.Release|iPhone.Deploy.0 = Release|Any CPU
		{B7B98853-F2EF-4D4A-87DE-E5C2FB9C48AD}.Release|iPhoneSimulator.ActiveCfg = Release|Any CPU
		{B7B98853-F2EF-4D4A-87DE-E5C2FB9C48AD}.Release|iPhoneSimulator.Build.0 = Release|Any CPU
		{B7B98853-F2EF-4D4A-87DE-E5C2FB9C48AD}.Release|iPhoneSimulator.Deploy.0 = Release|Any CPU
		{86EFCECF-113A-4B61-9712-2A191299318A}.Ad-Hoc|Any CPU.ActiveCfg = Release|Any CPU
		{86EFCECF-113A-4B61-9712-2A191299318A}.Ad-Hoc|Any CPU.Build.0 = Release|Any CPU
		{86EFCECF-113A-4B61-9712-2A191299318A}.Ad-Hoc|iPhone.ActiveCfg = Release|Any CPU
		{86EFCECF-113A-4B61-9712-2A191299318A}.Ad-Hoc|iPhone.Build.0 = Release|Any CPU
		{86EFCECF-113A-4B61-9712-2A191299318A}.Ad-Hoc|iPhoneSimulator.ActiveCfg = Release|Any CPU
		{86EFCECF-113A-4B61-9712-2A191299318A}.Ad-Hoc|iPhoneSimulator.Build.0 = Release|Any CPU
		{86EFCECF-113A-4B61-9712-2A191299318A}.AppStore|Any CPU.ActiveCfg = Release|Any CPU
		{86EFCECF-113A-4B61-9712-2A191299318A}.AppStore|Any CPU.Build.0 = Release|Any CPU
		{86EFCECF-113A-4B61-9712-2A191299318A}.AppStore|iPhone.ActiveCfg = Release|Any CPU
		{86EFCECF-113A-4B61-9712-2A191299318A}.AppStore|iPhone.Build.0 = Release|Any CPU
		{86EFCECF-113A-4B61-9712-2A191299318A}.AppStore|iPhoneSimulator.ActiveCfg = Release|Any CPU
		{86EFCECF-113A-4B61-9712-2A191299318A}.AppStore|iPhoneSimulator.Build.0 = Release|Any CPU
		{86EFCECF-113A-4B61-9712-2A191299318A}.Debug|Any CPU.ActiveCfg = Debug|Any CPU
		{86EFCECF-113A-4B61-9712-2A191299318A}.Debug|Any CPU.Build.0 = Debug|Any CPU
		{86EFCECF-113A-4B61-9712-2A191299318A}.Debug|iPhone.ActiveCfg = Debug|Any CPU
		{86EFCECF-113A-4B61-9712-2A191299318A}.Debug|iPhone.Build.0 = Debug|Any CPU
		{86EFCECF-113A-4B61-9712-2A191299318A}.Debug|iPhoneSimulator.ActiveCfg = Debug|Any CPU
		{86EFCECF-113A-4B61-9712-2A191299318A}.Debug|iPhoneSimulator.Build.0 = Debug|Any CPU
		{86EFCECF-113A-4B61-9712-2A191299318A}.Release|Any CPU.ActiveCfg = Release|Any CPU
		{86EFCECF-113A-4B61-9712-2A191299318A}.Release|Any CPU.Build.0 = Release|Any CPU
		{86EFCECF-113A-4B61-9712-2A191299318A}.Release|iPhone.ActiveCfg = Release|Any CPU
		{86EFCECF-113A-4B61-9712-2A191299318A}.Release|iPhone.Build.0 = Release|Any CPU
		{86EFCECF-113A-4B61-9712-2A191299318A}.Release|iPhoneSimulator.ActiveCfg = Release|Any CPU
		{86EFCECF-113A-4B61-9712-2A191299318A}.Release|iPhoneSimulator.Build.0 = Release|Any CPU
		{E478909A-E058-4258-96BC-3BED5C652E6F}.Ad-Hoc|Any CPU.ActiveCfg = Debug|Any CPU
		{E478909A-E058-4258-96BC-3BED5C652E6F}.Ad-Hoc|Any CPU.Build.0 = Debug|Any CPU
		{E478909A-E058-4258-96BC-3BED5C652E6F}.Ad-Hoc|iPhone.ActiveCfg = Debug|Any CPU
		{E478909A-E058-4258-96BC-3BED5C652E6F}.Ad-Hoc|iPhone.Build.0 = Debug|Any CPU
		{E478909A-E058-4258-96BC-3BED5C652E6F}.Ad-Hoc|iPhoneSimulator.ActiveCfg = Debug|Any CPU
		{E478909A-E058-4258-96BC-3BED5C652E6F}.Ad-Hoc|iPhoneSimulator.Build.0 = Debug|Any CPU
		{E478909A-E058-4258-96BC-3BED5C652E6F}.AppStore|Any CPU.ActiveCfg = Debug|Any CPU
		{E478909A-E058-4258-96BC-3BED5C652E6F}.AppStore|Any CPU.Build.0 = Debug|Any CPU
		{E478909A-E058-4258-96BC-3BED5C652E6F}.AppStore|iPhone.ActiveCfg = Debug|Any CPU
		{E478909A-E058-4258-96BC-3BED5C652E6F}.AppStore|iPhone.Build.0 = Debug|Any CPU
		{E478909A-E058-4258-96BC-3BED5C652E6F}.AppStore|iPhoneSimulator.ActiveCfg = Debug|Any CPU
		{E478909A-E058-4258-96BC-3BED5C652E6F}.AppStore|iPhoneSimulator.Build.0 = Debug|Any CPU
		{E478909A-E058-4258-96BC-3BED5C652E6F}.Debug|Any CPU.ActiveCfg = Debug|Any CPU
		{E478909A-E058-4258-96BC-3BED5C652E6F}.Debug|Any CPU.Build.0 = Debug|Any CPU
		{E478909A-E058-4258-96BC-3BED5C652E6F}.Debug|iPhone.ActiveCfg = Debug|Any CPU
		{E478909A-E058-4258-96BC-3BED5C652E6F}.Debug|iPhone.Build.0 = Debug|Any CPU
		{E478909A-E058-4258-96BC-3BED5C652E6F}.Debug|iPhoneSimulator.ActiveCfg = Debug|Any CPU
		{E478909A-E058-4258-96BC-3BED5C652E6F}.Debug|iPhoneSimulator.Build.0 = Debug|Any CPU
		{E478909A-E058-4258-96BC-3BED5C652E6F}.Release|Any CPU.ActiveCfg = Release|Any CPU
		{E478909A-E058-4258-96BC-3BED5C652E6F}.Release|Any CPU.Build.0 = Release|Any CPU
		{E478909A-E058-4258-96BC-3BED5C652E6F}.Release|iPhone.ActiveCfg = Release|Any CPU
		{E478909A-E058-4258-96BC-3BED5C652E6F}.Release|iPhone.Build.0 = Release|Any CPU
		{E478909A-E058-4258-96BC-3BED5C652E6F}.Release|iPhoneSimulator.ActiveCfg = Release|Any CPU
		{E478909A-E058-4258-96BC-3BED5C652E6F}.Release|iPhoneSimulator.Build.0 = Release|Any CPU
	EndGlobalSection
	GlobalSection(SolutionProperties) = preSolution
		HideSolutionNode = FALSE
	EndGlobalSection
	GlobalSection(ExtensibilityGlobals) = postSolution
		SolutionGuid = {0FE51C2B-4F2A-40FA-9F03-31802DFF35ED}
	EndGlobalSection
EndGlobal
